
Microsoft Visual Studio Solution File, Format Version 12.00
# Visual Studio 15
VisualStudioVersion = 15.0.28010.2016
MinimumVisualStudioVersion = 10.0.40219.1
Project("{FAE04EC0-301F-11D3-BF4B-00C04F79EFBC}") = "prueba", "prueba\prueba.csproj", "{B967799C-A3E3-4AC9-9D29-20099892B348}"
EndProject
Global
	GlobalSection(SolutionConfigurationPlatforms) = preSolution
		Debug|Any CPU = Debug|Any CPU
		Release|Any CPU = Release|Any CPU
	EndGlobalSection
	GlobalSection(ProjectConfigurationPlatforms) = postSolution
		{B967799C-A3E3-4AC9-9D29-20099892B348}.Debug|Any CPU.ActiveCfg = Debug|Any CPU
		{B967799C-A3E3-4AC9-9D29-20099892B348}.Debug|Any CPU.Build.0 = Debug|Any CPU
		{B967799C-A3E3-4AC9-9D29-20099892B348}.Release|Any CPU.ActiveCfg = Release|Any CPU
		{B967799C-A3E3-4AC9-9D29-20099892B348}.Release|Any CPU.Build.0 = Release|Any CPU
	EndGlobalSection
	GlobalSection(SolutionProperties) = preSolution
		HideSolutionNode = FALSE
	EndGlobalSection
	GlobalSection(ExtensibilityGlobals) = postSolution
		SolutionGuid = {CAD379A6-D1DD-48B9-9991-C2295AD50D7A}
	EndGlobalSection
EndGlobal
